
Microsoft Visual Studio Solution File, Format Version 12.00
# Visual Studio 15
VisualStudioVersion = 15.0.28307.572
MinimumVisualStudioVersion = 10.0.40219.1
Project("{9A19103F-16F7-4668-BE54-9A1E7A4F7556}") = "DynamicDashboard", "DynamicDashboard\DynamicDashboard.csproj", "{77982B7E-B2DA-4A40-A58B-DEDD6EB7A8EB}"
EndProject
Project("{FAE04EC0-301F-11D3-BF4B-00C04F79EFBC}") = "DynamicDashboard.Core", "DynamicDashboard.Core\DynamicDashboard.Core.csproj", "{9E541001-9E8B-4D90-88A0-4718A32A50E6}"
EndProject
Project("{FAE04EC0-301F-11D3-BF4B-00C04F79EFBC}") = "DynamicDashboard.Infrastructure", "DynamicDashboard.Infrastructure\DynamicDashboard.Infrastructure.csproj", "{471289BA-1596-4994-8FA3-EFC18EA59943}"
EndProject
Global
	GlobalSection(SolutionConfigurationPlatforms) = preSolution
		Debug|Any CPU = Debug|Any CPU
		Release|Any CPU = Release|Any CPU
	EndGlobalSection
	GlobalSection(ProjectConfigurationPlatforms) = postSolution
		{77982B7E-B2DA-4A40-A58B-DEDD6EB7A8EB}.Debug|Any CPU.ActiveCfg = Debug|Any CPU
		{77982B7E-B2DA-4A40-A58B-DEDD6EB7A8EB}.Debug|Any CPU.Build.0 = Debug|Any CPU
		{77982B7E-B2DA-4A40-A58B-DEDD6EB7A8EB}.Release|Any CPU.ActiveCfg = Release|Any CPU
		{77982B7E-B2DA-4A40-A58B-DEDD6EB7A8EB}.Release|Any CPU.Build.0 = Release|Any CPU
		{9E541001-9E8B-4D90-88A0-4718A32A50E6}.Debug|Any CPU.ActiveCfg = Debug|Any CPU
		{9E541001-9E8B-4D90-88A0-4718A32A50E6}.Debug|Any CPU.Build.0 = Debug|Any CPU
		{9E541001-9E8B-4D90-88A0-4718A32A50E6}.Release|Any CPU.ActiveCfg = Release|Any CPU
		{9E541001-9E8B-4D90-88A0-4718A32A50E6}.Release|Any CPU.Build.0 = Release|Any CPU
		{471289BA-1596-4994-8FA3-EFC18EA59943}.Debug|Any CPU.ActiveCfg = Debug|Any CPU
		{471289BA-1596-4994-8FA3-EFC18EA59943}.Debug|Any CPU.Build.0 = Debug|Any CPU
		{471289BA-1596-4994-8FA3-EFC18EA59943}.Release|Any CPU.ActiveCfg = Release|Any CPU
		{471289BA-1596-4994-8FA3-EFC18EA59943}.Release|Any CPU.Build.0 = Release|Any CPU
	EndGlobalSection
	GlobalSection(SolutionProperties) = preSolution
		HideSolutionNode = FALSE
	EndGlobalSection
	GlobalSection(ExtensibilityGlobals) = postSolution
		SolutionGuid = {47BBEB6D-51BD-4404-8224-ED41390D7C94}
	EndGlobalSection
EndGlobal
